<Solution>
  <Folder Name="/src/">
    <Project Path="src/Marang.Abstractions/Marang.Abstractions.csproj" />
    <Project Path="src/Marang/Marang.csproj" />
    <Project Path="src/Marang.Hosting/Marang.Hosting.csproj" />
    <Project Path="src/Marang.Mcp/Marang.Mcp.csproj" />
  </Folder>
  <Folder Name="/tests/">
    <Project Path="tests/Marang.Tests/Marang.Tests.csproj" />
  </Folder>
</Solution>
